
Microsoft Visual Studio Solution File, Format Version 12.00
# Visual Studio Version 17
VisualStudioVersion = 17.4.33110.190
MinimumVisualStudioVersion = 10.0.40219.1
Project("{FAE04EC0-301F-11D3-BF4B-00C04F79EFBC}") = "ShoppingMenegment", "ShoppingMenegment\ShoppingMenegment.csproj", "{B490C316-E743-4BF6-AA1D-A2106E6A2B17}"
EndProject
Global
	GlobalSection(SolutionConfigurationPlatforms) = preSolution
		Debug|Any CPU = Debug|Any CPU
		Release|Any CPU = Release|Any CPU
	EndGlobalSection
	GlobalSection(ProjectConfigurationPlatforms) = postSolution
		{B490C316-E743-4BF6-AA1D-A2106E6A2B17}.Debug|Any CPU.ActiveCfg = Debug|Any CPU
		{B490C316-E743-4BF6-AA1D-A2106E6A2B17}.Debug|Any CPU.Build.0 = Debug|Any CPU
		{B490C316-E743-4BF6-AA1D-A2106E6A2B17}.Release|Any CPU.ActiveCfg = Release|Any CPU
		{B490C316-E743-4BF6-AA1D-A2106E6A2B17}.Release|Any CPU.Build.0 = Release|Any CPU
	EndGlobalSection
	GlobalSection(SolutionProperties) = preSolution
		HideSolutionNode = FALSE
	EndGlobalSection
	GlobalSection(ExtensibilityGlobals) = postSolution
		SolutionGuid = {61C21F9C-9B06-4363-8FDD-506AB528E537}
	EndGlobalSection
EndGlobal
